
Microsoft Visual Studio Solution File, Format Version 12.00
# Visual Studio Version 17
VisualStudioVersion = 17.13.35731.43 d17.13
MinimumVisualStudioVersion = 10.0.40219.1
Project("{FAE04EC0-301F-11D3-BF4B-00C04F79EFBC}") = "NET React Ödev 3", "NET React Ödev 3\NET React Ödev 3.csproj", "{7A03BA3C-0201-4386-A72A-AFE45FFDA4EA}"
EndProject
Global
	GlobalSection(SolutionConfigurationPlatforms) = preSolution
		Debug|Any CPU = Debug|Any CPU
		Release|Any CPU = Release|Any CPU
	EndGlobalSection
	GlobalSection(ProjectConfigurationPlatforms) = postSolution
		{7A03BA3C-0201-4386-A72A-AFE45FFDA4EA}.Debug|Any CPU.ActiveCfg = Debug|Any CPU
		{7A03BA3C-0201-4386-A72A-AFE45FFDA4EA}.Debug|Any CPU.Build.0 = Debug|Any CPU
		{7A03BA3C-0201-4386-A72A-AFE45FFDA4EA}.Release|Any CPU.ActiveCfg = Release|Any CPU
		{7A03BA3C-0201-4386-A72A-AFE45FFDA4EA}.Release|Any CPU.Build.0 = Release|Any CPU
	EndGlobalSection
	GlobalSection(SolutionProperties) = preSolution
		HideSolutionNode = FALSE
	EndGlobalSection
	GlobalSection(ExtensibilityGlobals) = postSolution
		SolutionGuid = {2F3235EE-22C6-4A99-92B8-85680D9B1999}
	EndGlobalSection
EndGlobal
